// !$*UTF8*$!
{
	archiveVersion = 1;
	classes = {
	};
	objectVersion = 46;
	objects = {

/* Begin PBXBuildFile section */
		42466CF01DC8EBD100FC37BD /* AppDelegate.swift in Sources */ = {isa = PBXBuildFile; fileRef = 42466CEF1DC8EBD100FC37BD /* AppDelegate.swift */; };
		42466CF21DC8EBD100FC37BD /* ViewController.swift in Sources */ = {isa = PBXBuildFile; fileRef = 42466CF11DC8EBD100FC37BD /* ViewController.swift */; };
		42466CF51DC8EBD100FC37BD /* Main.storyboard in Resources */ = {isa = PBXBuildFile; fileRef = 42466CF31DC8EBD100FC37BD /* Main.storyboard */; };
		42466CF71DC8EBD200FC37BD /* Assets.xcassets in Resources */ = {isa = PBXBuildFile; fileRef = 42466CF61DC8EBD200FC37BD /* Assets.xcassets */; };
		42466CFA1DC8EBD200FC37BD /* LaunchScreen.storyboard in Resources */ = {isa = PBXBuildFile; fileRef = 42466CF81DC8EBD200FC37BD /* LaunchScreen.storyboard */; };
		42466D021DC8F88A00FC37BD /* Mapkit.swift in Sources */ = {isa = PBXBuildFile; fileRef = 42466D011DC8F88A00FC37BD /* Mapkit.swift */; };
/* End PBXBuildFile section */

/* Begin PBXFileReference section */
		42466CEC1DC8EBD100FC37BD /* Github.app */ = {isa = PBXFileReference; explicitFileType = wrapper.application; includeInIndex = 0; path = Github.app; sourceTree = BUILT_PRODUCTS_DIR; };
		42466CEF1DC8EBD100FC37BD /* AppDelegate.swift */ = {isa = PBXFileReference; lastKnownFileType = sourcecode.swift; path = AppDelegate.swift; sourceTree = "<group>"; };
		42466CF11DC8EBD100FC37BD /* ViewController.swift */ = {isa = PBXFileReference; lastKnownFileType = sourcecode.swift; path = ViewController.swift; sourceTree = "<group>"; };
		42466CF41DC8EBD100FC37BD /* Base */ = {isa = PBXFileReference; lastKnownFileType = file.storyboard; name = Base; path = Base.lproj/Main.storyboard; sourceTree = "<group>"; };
		42466CF61DC8EBD200FC37BD /* Assets.xcassets */ = {isa = PBXFileReference; lastKnownFileType = folder.assetcatalog; path = Assets.xcassets; sourceTree = "<group>"; };
		42466CF91DC8EBD200FC37BD /* Base */ = {isa = PBXFileReference; lastKnownFileType = file.storyboard; name = Base; path = Base.lproj/LaunchScreen.storyboard; sourceTree = "<group>"; };
		42466CFB1DC8EBD200FC37BD /* Info.plist */ = {isa = PBXFileReference; lastKnownFileType = text.plist.xml; path = Info.plist; sourceTree = "<group>"; };
		42466D011DC8F88A00FC37BD /* Mapkit.swift */ = {isa = PBXFileReference; fileEncoding = 4; lastKnownFileType = sourcecode.swift; path = Mapkit.swift; sourceTree = "<group>"; };
/* End PBXFileReference section */

/* Begin PBXFrameworksBuildPhase section */
		42466CE91DC8EBD000FC37BD /* Frameworks */ = {
			isa = PBXFrameworksBuildPhase;
			buildActionMask = 2147483647;
			files = (
			);
			runOnlyForDeploymentPostprocessing = 0;
		};
/* End PBXFrameworksBuildPhase section */

/* Begin PBXGroup section */
		42466CE31DC8EBD000FC37BD = {
			isa = PBXGroup;
			children = (
				42466CEE1DC8EBD100FC37BD /* Github */,
				42466CED1DC8EBD100FC37BD /* Products */,
			);
			sourceTree = "<group>";
		};
		42466CED1DC8EBD100FC37BD /* Products */ = {
			isa = PBXGroup;
			children = (
				42466CEC1DC8EBD100FC37BD /* Github.app */,
			);
			name = Products;
			sourceTree = "<group>";
		};
		42466CEE1DC8EBD100FC37BD /* Github */ = {
			isa = PBXGroup;
			children = (
				42466CEF1DC8EBD100FC37BD /* AppDelegate.swift */,
				42466CF11DC8EBD100FC37BD /* ViewController.swift */,
				42466D011DC8F88A00FC37BD /* Mapkit.swift */,
				42466CF31DC8EBD100FC37BD /* Main.storyboard */,
				42466CF61DC8EBD200FC37BD /* Assets.xcassets */,
				42466CF81DC8EBD200FC37BD /* LaunchScreen.storyboard */,
				42466CFB1DC8EBD200FC37BD /* Info.plist */,
			);
			path = Github;
			sourceTree = "<group>";
		};
/* End PBXGroup section */

/* Begin PBXNativeTarget section */
		42466CEB1DC8EBD000FC37BD /* Github */ = {
			isa = PBXNativeTarget;
			buildConfigurationList = 42466CFE1DC8EBD200FC37BD /* Build configuration list for PBXNativeTarget "Github" */;
			buildPhases = (
				42466CE81DC8EBD000FC37BD /* Sources */,
				42466CE91DC8EBD000FC37BD /* Frameworks */,
				42466CEA1DC8EBD000FC37BD /* Resources */,
			);
			buildRules = (
			);
			dependencies = (
			);
			name = Github;
			productName = Github;
			productReference = 42466CEC1DC8EBD100FC37BD /* Github.app */;
			productType = "com.apple.product-type.application";
		};
/* End PBXNativeTarget section */

/* Begin PBXProject section */
		42466CE41DC8EBD000FC37BD /* Project object */ = {
			isa = PBXProject;
			attributes = {
				LastSwiftUpdateCheck = 0730;
				LastUpgradeCheck = 0730;
				ORGANIZATIONNAME = welcome;
				TargetAttributes = {
					42466CEB1DC8EBD000FC37BD = {
						CreatedOnToolsVersion = 7.3.1;
					};
				};
			};
			buildConfigurationList = 42466CE71DC8EBD000FC37BD /* Build configuration list for PBXProject "Github" */;
			compatibilityVersion = "Xcode 3.2";
			developmentRegion = English;
			hasScannedForEncodings = 0;
			knownRegions = (
				en,
				Base,
			);
			mainGroup = 42466CE31DC8EBD000FC37BD;
			productRefGroup = 42466CED1DC8EBD100FC37BD /* Products */;
			projectDirPath = "";
			projectRoot = "";
			targets = (
				42466CEB1DC8EBD000FC37BD /* Github */,
			);
		};
/* End PBXProject section */

/* Begin PBXResourcesBuildPhase section */
		42466CEA1DC8EBD000FC37BD /* Resources */ = {
			isa = PBXResourcesBuildPhase;
			buildActionMask = 2147483647;
			files = (
				42466CFA1DC8EBD200FC37BD /* LaunchScreen.storyboard in Resources */,
				42466CF71DC8EBD200FC37BD /* Assets.xcassets in Resources */,
				42466CF51DC8EBD100FC37BD /* Main.storyboard in Resources */,
			);
			runOnlyForDeploymentPostprocessing = 0;
		};
/* End PBXResourcesBuildPhase section */

/* Begin PBXSourcesBuildPhase section */
		42466CE81DC8EBD000FC37BD /* Sources */ = {
			isa = PBXSourcesBuildPhase;
			buildActionMask = 2147483647;
			files = (
				42466CF21DC8EBD100FC37BD /* ViewController.swift in Sources */,
				42466CF01DC8EBD100FC37BD /* AppDelegate.swift in Sources */,
				42466D021DC8F88A00FC37BD /* Mapkit.swift in Sources */,
			);
			runOnlyForDeploymentPostprocessing = 0;
		};
/* End PBXSourcesBuildPhase section */

/* Begin PBXVariantGroup section */
		42466CF31DC8EBD100FC37BD /* Main.storyboard */ = {
			isa = PBXVariantGroup;
			children = (
				42466CF41DC8EBD100FC37BD /* Base */,
			);
			name = Main.storyboard;
			sourceTree = "<group>";
		};
		42466CF81DC8EBD200FC37BD /* LaunchScreen.storyboard */ = {
			isa = PBXVariantGroup;
			children = (
				42466CF91DC8EBD200FC37BD /* Base */,
			);
			name = LaunchScreen.storyboard;
			sourceTree = "<group>";
		};
/* End PBXVariantGroup section */

/* Begin XCBuildConfiguration section */
		42466CFC1DC8EBD200FC37BD /* Debug */ = {
			isa = XCBuildConfiguration;
			buildSettings = {
				ALWAYS_SEARCH_USER_PATHS = NO;
				CLANG_ANALYZER_NONNULL = YES;
				CLANG_CXX_LANGUAGE_STANDARD = "gnu++0x";
				CLANG_CXX_LIBRARY = "libc++";
				CLANG_ENABLE_MODULES = YES;
				CLANG_ENABLE_OBJC_ARC = YES;
				CLANG_WARN_BOOL_CONVERSION = YES;
				CLANG_WARN_CONSTANT_CONVERSION = YES;
				CLANG_WARN_DIRECT_OBJC_ISA_USAGE = YES_ERROR;
				CLANG_WARN_EMPTY_BODY = YES;
				CLANG_WARN_ENUM_CONVERSION = YES;
				CLANG_WARN_INT_CONVERSION = YES;
				CLANG_WARN_OBJC_ROOT_CLASS = YES_ERROR;
				CLANG_WARN_UNREACHABLE_CODE = YES;
				CLANG_WARN__DUPLICATE_METHOD_MATCH = YES;
				"CODE_SIGN_IDENTITY[sdk=iphoneos*]" = "iPhone Developer";
				COPY_PHASE_STRIP = NO;
				DEBUG_INFORMATION_FORMAT = dwarf;
				ENABLE_STRICT_OBJC_MSGSEND = YES;
				ENABLE_TESTABILITY = YES;
				GCC_C_LANGUAGE_STANDARD = gnu99;
				GCC_DYNAMIC_NO_PIC = NO;
				GCC_NO_COMMON_BLOCKS = YES;
				GCC_OPTIMIZATION_LEVEL = 0;
				GCC_PREPROCESSOR_DEFINITIONS = (
					"DEBUG=1",
					"$(inherited)",
				);
				GCC_WARN_64_TO_32_BIT_CONVERSION = YES;
				GCC_WARN_ABOUT_RETURN_TYPE = YES_ERROR;
				GCC_WARN_UNDECLARED_SELECTOR = YES;
				GCC_WARN_UNINITIALIZED_AUTOS = YES_AGGRESSIVE;
				GCC_WARN_UNUSED_FUNCTION = YES;
				GCC_WARN_UNUSED_VARIABLE = YES;
				IPHONEOS_DEPLOYMENT_TARGET = 9.3;
				MTL_ENABLE_DEBUG_INFO = YES;
				ONLY_ACTIVE_ARCH = YES;
				SDKROOT = iphoneos;
				SWIFT_OPTIMIZATION_LEVEL = "-Onone";
				TARGETED_DEVICE_FAMILY = "1,2";
			};
			name = Debug;
		};
		42466CFD1DC8EBD200FC37BD /* Release */ = {
			isa = XCBuildConfiguration;
			buildSettings = {
				ALWAYS_SEARCH_USER_PATHS = NO;
				CLANG_ANALYZER_NONNULL = YES;
				CLANG_CXX_LANGUAGE_STANDARD = "gnu++0x";
				CLANG_CXX_LIBRARY = "libc++";
				CLANG_ENABLE_MODULES = YES;
				CLANG_ENABLE_OBJC_ARC = YES;
				CLANG_WARN_BOOL_CONVERSION = YES;
				CLANG_WARN_CONSTANT_CONVERSION = YES;
				CLANG_WARN_DIRECT_OBJC_ISA_USAGE = YES_ERROR;
				CLANG_WARN_EMPTY_BODY = YES;
				CLANG_WARN_ENUM_CONVERSION = YES;
				CLANG_WARN_INT_CONVERSION = YES;
				CLANG_WARN_OBJC_ROOT_CLASS = YES_ERROR;
				CLANG_WARN_UNREACHABLE_CODE = YES;
				CLANG_WARN__DUPLICATE_METHOD_MATCH = YES;
				"CODE_SIGN_IDENTITY[sdk=iphoneos*]" = "iPhone Developer";
				COPY_PHASE_STRIP = NO;
				DEBUG_INFORMATION_FORMAT = "dwarf-with-dsym";
				ENABLE_NS_ASSERTIONS = NO;
				ENABLE_STRICT_OBJC_MSGSEND = YES;
				GCC_C_LANGUAGE_STANDARD = gnu99;
				GCC_NO_COMMON_BLOCKS = YES;
				GCC_WARN_64_TO_32_BIT_CONVERSION = YES;
				GCC_WARN_ABOUT_RETURN_TYPE = YES_ERROR;
				GCC_WARN_UNDECLARED_SELECTOR = YES;
				GCC_WARN_UNINITIALIZED_AUTOS = YES_AGGRESSIVE;
				GCC_WARN_UNUSED_FUNCTION = YES;
				GCC_WARN_UNUSED_VARIABLE = YES;
				IPHONEOS_DEPLOYMENT_TARGET = 9.3;
				MTL_ENABLE_DEBUG_INFO = NO;
				SDKROOT = iphoneos;
				TARGETED_DEVICE_FAMILY = "1,2";
				VALIDATE_PRODUCT = YES;
			};
			name = Release;
		};
		42466CFF1DC8EBD200FC37BD /* Debug */ = {
			isa = XCBuildConfiguration;
			buildSettings = {
				ASSETCATALOG_COMPILER_APPICON_NAME = AppIcon;
				INFOPLIST_FILE = Github/Info.plist;
				LD_RUNPATH_SEARCH_PATHS = "$(inherited) @executable_path/Frameworks";
				PRODUCT_BUNDLE_IDENTIFIER = com.home.Github;
				PRODUCT_NAME = "$(TARGET_NAME)";
			};
			name = Debug;
		};
		42466D001DC8EBD200FC37BD /* Release */ = {
			isa = XCBuildConfiguration;
			buildSettings = {
				ASSETCATALOG_COMPILER_APPICON_NAME = AppIcon;
				INFOPLIST_FILE = Github/Info.plist;
				LD_RUNPATH_SEARCH_PATHS = "$(inherited) @executable_path/Frameworks";
				PRODUCT_BUNDLE_IDENTIFIER = com.home.Github;
				PRODUCT_NAME = "$(TARGET_NAME)";
			};
			name = Release;
		};
/* End XCBuildConfiguration section */

/* Begin XCConfigurationList section */
		42466CE71DC8EBD000FC37BD /* Build configuration list for PBXProject "Github" */ = {
			isa = XCConfigurationList;
			buildConfigurations = (
				42466CFC1DC8EBD200FC37BD /* Debug */,
				42466CFD1DC8EBD200FC37BD /* Release */,
			);
			defaultConfigurationIsVisible = 0;
			defaultConfigurationName = Release;
		};
		42466CFE1DC8EBD200FC37BD /* Build configuration list for PBXNativeTarget "Github" */ = {
			isa = XCConfigurationList;
			buildConfigurations = (
				42466CFF1DC8EBD200FC37BD /* Debug */,
				42466D001DC8EBD200FC37BD /* Release */,
			);
			defaultConfigurationIsVisible = 0;
		};
/* End XCConfigurationList section */
	};
	rootObject = 42466CE41DC8EBD000FC37BD /* Project object */;
}
